version = 1
requires-python = ">=3.11"

[[package]]
name = "commonmark"
version = "0.9.1"
source = { registry = "https://pypi.org/simple" }
sdist = { url = "https://files.pythonhosted.org/packages/60/48/a60f593447e8f0894ebb7f6e6c1f25dafc5e89c5879fdc9360ae93ff83f0/commonmark-0.9.1.tar.gz", hash = "sha256:452f9dc859be7f06631ddcb328b6919c67984aca654e5fefb3914d54691aed60", size = 95764 }
wheels = [
    { url = "https://files.pythonhosted.org/packages/b1/92/dfd892312d822f36c55366118b95d914e5f16de11044a27cf10a7d71bbbf/commonmark-0.9.1-py2.py3-none-any.whl", hash = "sha256:da2f38c92590f83de410ba1a3cbceafbc74fee9def35f9251ba9a971d6d66fd9", size = 51068 },
]

[[package]]
name = "coverage"
version = "7.6.9"
source = { registry = "https://pypi.org/simple" }
sdist = { url = "https://files.pythonhosted.org/packages/5b/d2/c25011f4d036cf7e8acbbee07a8e09e9018390aee25ba085596c4b83d510/coverage-7.6.9.tar.gz", hash = "sha256:4a8d8977b0c6ef5aeadcb644da9e69ae0dcfe66ec7f368c89c72e058bd71164d", size = 801710 }
wheels = [
    { url = "https://files.pythonhosted.org/packages/b1/91/b3dc2f7f38b5cca1236ab6bbb03e84046dd887707b4ec1db2baa47493b3b/coverage-7.6.9-cp311-cp311-macosx_10_9_x86_64.whl", hash = "sha256:932fc826442132dde42ee52cf66d941f581c685a6313feebed358411238f60f9", size = 207133 },
    { url = "https://files.pythonhosted.org/packages/0d/2b/53fd6cb34d443429a92b3ec737f4953627e38b3bee2a67a3c03425ba8573/coverage-7.6.9-cp311-cp311-macosx_11_0_arm64.whl", hash = "sha256:085161be5f3b30fd9b3e7b9a8c301f935c8313dcf928a07b116324abea2c1c2c", size = 207577 },
    { url = "https://files.pythonhosted.org/packages/74/f2/68edb1e6826f980a124f21ea5be0d324180bf11de6fd1defcf9604f76df0/coverage-7.6.9-cp311-cp311-manylinux_2_17_aarch64.manylinux2014_aarch64.whl", hash = "sha256:ccc660a77e1c2bf24ddbce969af9447a9474790160cfb23de6be4fa88e3951c7", size = 239524 },
    { url = "https://files.pythonhosted.org/packages/d3/83/8fec0ee68c2c4a5ab5f0f8527277f84ed6f2bd1310ae8a19d0c5532253ab/coverage-7.6.9-cp311-cp311-manylinux_2_5_i686.manylinux1_i686.manylinux_2_17_i686.manylinux2014_i686.whl", hash = "sha256:c69e42c892c018cd3c8d90da61d845f50a8243062b19d228189b0224150018a9", size = 236925 },
    { url = "https://files.pythonhosted.org/packages/8b/20/8f50e7c7ad271144afbc2c1c6ec5541a8c81773f59352f8db544cad1a0ec/coverage-7.6.9-cp311-cp311-manylinux_2_5_x86_64.manylinux1_x86_64.manylinux_2_17_x86_64.manylinux2014_x86_64.whl", hash = "sha256:0824a28ec542a0be22f60c6ac36d679e0e262e5353203bea81d44ee81fe9c6d4", size = 238792 },
    { url = "https://files.pythonhosted.org/packages/6f/62/4ac2e5ad9e7a5c9ec351f38947528e11541f1f00e8a0cdce56f1ba7ae301/coverage-7.6.9-cp311-cp311-musllinux_1_2_aarch64.whl", hash = "sha256:4401ae5fc52ad8d26d2a5d8a7428b0f0c72431683f8e63e42e70606374c311a1", size = 237682 },
    { url = "https://files.pythonhosted.org/packages/58/2f/9d2203f012f3b0533c73336c74134b608742be1ce475a5c72012573cfbb4/coverage-7.6.9-cp311-cp311-musllinux_1_2_i686.whl", hash = "sha256:98caba4476a6c8d59ec1eb00c7dd862ba9beca34085642d46ed503cc2d440d4b", size = 236310 },
    { url = "https://files.pythonhosted.org/packages/33/6d/31f6ab0b4f0f781636075f757eb02141ea1b34466d9d1526dbc586ed7078/coverage-7.6.9-cp311-cp311-musllinux_1_2_x86_64.whl", hash = "sha256:ee5defd1733fd6ec08b168bd4f5387d5b322f45ca9e0e6c817ea6c4cd36313e3", size = 237096 },
    { url = "https://files.pythonhosted.org/packages/7d/fb/e14c38adebbda9ed8b5f7f8e03340ac05d68d27b24397f8d47478927a333/coverage-7.6.9-cp311-cp311-win32.whl", hash = "sha256:f2d1ec60d6d256bdf298cb86b78dd715980828f50c46701abc3b0a2b3f8a0dc0", size = 209682 },
    { url = "https://files.pythonhosted.org/packages/a4/11/a782af39b019066af83fdc0e8825faaccbe9d7b19a803ddb753114b429cc/coverage-7.6.9-cp311-cp311-win_amd64.whl", hash = "sha256:0d59fd927b1f04de57a2ba0137166d31c1a6dd9e764ad4af552912d70428c92b", size = 210542 },
    { url = "https://files.pythonhosted.org/packages/60/52/b16af8989a2daf0f80a88522bd8e8eed90b5fcbdecf02a6888f3e80f6ba7/coverage-7.6.9-cp312-cp312-macosx_10_13_x86_64.whl", hash = "sha256:99e266ae0b5d15f1ca8d278a668df6f51cc4b854513daab5cae695ed7b721cf8", size = 207325 },
    { url = "https://files.pythonhosted.org/packages/0f/79/6b7826fca8846c1216a113227b9f114ac3e6eacf168b4adcad0cb974aaca/coverage-7.6.9-cp312-cp312-macosx_11_0_arm64.whl", hash = "sha256:9901d36492009a0a9b94b20e52ebfc8453bf49bb2b27bca2c9706f8b4f5a554a", size = 207563 },
    { url = "https://files.pythonhosted.org/packages/a7/07/0bc73da0ccaf45d0d64ef86d33b7d7fdeef84b4c44bf6b85fb12c215c5a6/coverage-7.6.9-cp312-cp312-manylinux_2_17_aarch64.manylinux2014_aarch64.whl", hash = "sha256:abd3e72dd5b97e3af4246cdada7738ef0e608168de952b837b8dd7e90341f015", size = 240580 },
    { url = "https://files.pythonhosted.org/packages/71/8a/9761f409910961647d892454687cedbaccb99aae828f49486734a82ede6e/coverage-7.6.9-cp312-cp312-manylinux_2_5_i686.manylinux1_i686.manylinux_2_17_i686.manylinux2014_i686.whl", hash = "sha256:ff74026a461eb0660366fb01c650c1d00f833a086b336bdad7ab00cc952072b3", size = 237613 },
    { url = "https://files.pythonhosted.org/packages/8b/10/ee7d696a17ac94f32f2dbda1e17e730bf798ae9931aec1fc01c1944cd4de/coverage-7.6.9-cp312-cp312-manylinux_2_5_x86_64.manylinux1_x86_64.manylinux_2_17_x86_64.manylinux2014_x86_64.whl", hash = "sha256:65dad5a248823a4996724a88eb51d4b31587aa7aa428562dbe459c684e5787ae", size = 239684 },
    { url = "https://files.pythonhosted.org/packages/16/60/aa1066040d3c52fff051243c2d6ccda264da72dc6d199d047624d395b2b2/coverage-7.6.9-cp312-cp312-musllinux_1_2_aarch64.whl", hash = "sha256:22be16571504c9ccea919fcedb459d5ab20d41172056206eb2994e2ff06118a4", size = 239112 },
    { url = "https://files.pythonhosted.org/packages/4e/e5/69f35344c6f932ba9028bf168d14a79fedb0dd4849b796d43c81ce75a3c9/coverage-7.6.9-cp312-cp312-musllinux_1_2_i686.whl", hash = "sha256:0f957943bc718b87144ecaee70762bc2bc3f1a7a53c7b861103546d3a403f0a6", size = 237428 },
    { url = "https://files.pythonhosted.org/packages/32/20/adc895523c4a28f63441b8ac645abd74f9bdd499d2d175bef5b41fc7f92d/coverage-7.6.9-cp312-cp312-musllinux_1_2_x86_64.whl", hash = "sha256:0ae1387db4aecb1f485fb70a6c0148c6cdaebb6038f1d40089b1fc84a5db556f", size = 239098 },
    { url = "https://files.pythonhosted.org/packages/a9/a6/e0e74230c9bb3549ec8ffc137cfd16ea5d56e993d6bffed2218bff6187e3/coverage-7.6.9-cp312-cp312-win32.whl", hash = "sha256:1a330812d9cc7ac2182586f6d41b4d0fadf9be9049f350e0efb275c8ee8eb692", size = 209940 },
    { url = "https://files.pythonhosted.org/packages/3e/18/cb5b88349d4aa2f41ec78d65f92ea32572b30b3f55bc2b70e87578b8f434/coverage-7.6.9-cp312-cp312-win_amd64.whl", hash = "sha256:b12c6b18269ca471eedd41c1b6a1065b2f7827508edb9a7ed5555e9a56dcfc97", size = 210726 },
    { url = "https://files.pythonhosted.org/packages/35/26/9abab6539d2191dbda2ce8c97b67d74cbfc966cc5b25abb880ffc7c459bc/coverage-7.6.9-cp313-cp313-macosx_10_13_x86_64.whl", hash = "sha256:899b8cd4781c400454f2f64f7776a5d87bbd7b3e7f7bda0cb18f857bb1334664", size = 207356 },
    { url = "https://files.pythonhosted.org/packages/44/da/d49f19402240c93453f606e660a6676a2a1fbbaa6870cc23207790aa9697/coverage-7.6.9-cp313-cp313-macosx_11_0_arm64.whl", hash = "sha256:61f70dc68bd36810972e55bbbe83674ea073dd1dcc121040a08cdf3416c5349c", size = 207614 },
    { url = "https://files.pythonhosted.org/packages/da/e6/93bb9bf85497816082ec8da6124c25efa2052bd4c887dd3b317b91990c9e/coverage-7.6.9-cp313-cp313-manylinux_2_17_aarch64.manylinux2014_aarch64.whl", hash = "sha256:8a289d23d4c46f1a82d5db4abeb40b9b5be91731ee19a379d15790e53031c014", size = 240129 },
    { url = "https://files.pythonhosted.org/packages/df/65/6a824b9406fe066835c1274a9949e06f084d3e605eb1a602727a27ec2fe3/coverage-7.6.9-cp313-cp313-manylinux_2_5_i686.manylinux1_i686.manylinux_2_17_i686.manylinux2014_i686.whl", hash = "sha256:7e216d8044a356fc0337c7a2a0536d6de07888d7bcda76febcb8adc50bdbbd00", size = 237276 },
    { url = "https://files.pythonhosted.org/packages/9f/79/6c7a800913a9dd23ac8c8da133ebb556771a5a3d4df36b46767b1baffd35/coverage-7.6.9-cp313-cp313-manylinux_2_5_x86_64.manylinux1_x86_64.manylinux_2_17_x86_64.manylinux2014_x86_64.whl", hash = "sha256:3c026eb44f744acaa2bda7493dad903aa5bf5fc4f2554293a798d5606710055d", size = 239267 },
    { url = "https://files.pythonhosted.org/packages/57/e7/834d530293fdc8a63ba8ff70033d5182022e569eceb9aec7fc716b678a39/coverage-7.6.9-cp313-cp313-musllinux_1_2_aarch64.whl", hash = "sha256:e77363e8425325384f9d49272c54045bbed2f478e9dd698dbc65dbc37860eb0a", size = 238887 },
    { url = "https://files.pythonhosted.org/packages/15/05/ec9d6080852984f7163c96984444e7cd98b338fd045b191064f943ee1c08/coverage-7.6.9-cp313-cp313-musllinux_1_2_i686.whl", hash = "sha256:777abfab476cf83b5177b84d7486497e034eb9eaea0d746ce0c1268c71652077", size = 236970 },
    { url = "https://files.pythonhosted.org/packages/0a/d8/775937670b93156aec29f694ce37f56214ed7597e1a75b4083ee4c32121c/coverage-7.6.9-cp313-cp313-musllinux_1_2_x86_64.whl", hash = "sha256:447af20e25fdbe16f26e84eb714ba21d98868705cb138252d28bc400381f6ffb", size = 238831 },
    { url = "https://files.pythonhosted.org/packages/f4/58/88551cb7fdd5ec98cb6044e8814e38583436b14040a5ece15349c44c8f7c/coverage-7.6.9-cp313-cp313-win32.whl", hash = "sha256:d872ec5aeb086cbea771c573600d47944eea2dcba8be5f3ee649bfe3cb8dc9ba", size = 210000 },
    { url = "https://files.pythonhosted.org/packages/b7/12/cfbf49b95120872785ff8d56ab1c7fe3970a65e35010c311d7dd35c5fd00/coverage-7.6.9-cp313-cp313-win_amd64.whl", hash = "sha256:fd1213c86e48dfdc5a0cc676551db467495a95a662d2396ecd58e719191446e1", size = 210753 },
    { url = "https://files.pythonhosted.org/packages/7c/68/c1cb31445599b04bde21cbbaa6d21b47c5823cdfef99eae470dfce49c35a/coverage-7.6.9-cp313-cp313t-macosx_10_13_x86_64.whl", hash = "sha256:ba9e7484d286cd5a43744e5f47b0b3fb457865baf07bafc6bee91896364e1419", size = 208091 },
    { url = "https://files.pythonhosted.org/packages/11/73/84b02c6b19c4a11eb2d5b5eabe926fb26c21c080e0852f5e5a4f01165f9e/coverage-7.6.9-cp313-cp313t-macosx_11_0_arm64.whl", hash = "sha256:e5ea1cf0872ee455c03e5674b5bca5e3e68e159379c1af0903e89f5eba9ccc3a", size = 208369 },
    { url = "https://files.pythonhosted.org/packages/de/e0/ae5d878b72ff26df2e994a5c5b1c1f6a7507d976b23beecb1ed4c85411ef/coverage-7.6.9-cp313-cp313t-manylinux_2_17_aarch64.manylinux2014_aarch64.whl", hash = "sha256:2d10e07aa2b91835d6abec555ec8b2733347956991901eea6ffac295f83a30e4", size = 251089 },
    { url = "https://files.pythonhosted.org/packages/ab/9c/0aaac011aef95a93ef3cb2fba3fde30bc7e68a6635199ed469b1f5ea355a/coverage-7.6.9-cp313-cp313t-manylinux_2_5_i686.manylinux1_i686.manylinux_2_17_i686.manylinux2014_i686.whl", hash = "sha256:13a9e2d3ee855db3dd6ea1ba5203316a1b1fd8eaeffc37c5b54987e61e4194ae", size = 246806 },
    { url = "https://files.pythonhosted.org/packages/f8/19/4d5d3ae66938a7dcb2f58cef3fa5386f838f469575b0bb568c8cc9e3a33d/coverage-7.6.9-cp313-cp313t-manylinux_2_5_x86_64.manylinux1_x86_64.manylinux_2_17_x86_64.manylinux2014_x86_64.whl", hash = "sha256:9c38bf15a40ccf5619fa2fe8f26106c7e8e080d7760aeccb3722664c8656b030", size = 249164 },
    { url = "https://files.pythonhosted.org/packages/b3/0b/4ee8a7821f682af9ad440ae3c1e379da89a998883271f088102d7ca2473d/coverage-7.6.9-cp313-cp313t-musllinux_1_2_aarch64.whl", hash = "sha256:d5275455b3e4627c8e7154feaf7ee0743c2e7af82f6e3b561967b1cca755a0be", size = 248642 },
    { url = "https://files.pythonhosted.org/packages/8a/12/36ff1d52be18a16b4700f561852e7afd8df56363a5edcfb04cf26a0e19e0/coverage-7.6.9-cp313-cp313t-musllinux_1_2_i686.whl", hash = "sha256:8f8770dfc6e2c6a2d4569f411015c8d751c980d17a14b0530da2d7f27ffdd88e", size = 246516 },
    { url = "https://files.pythonhosted.org/packages/43/d0/8e258f6c3a527c1655602f4f576215e055ac704de2d101710a71a2affac2/coverage-7.6.9-cp313-cp313t-musllinux_1_2_x86_64.whl", hash = "sha256:8d2dfa71665a29b153a9681edb1c8d9c1ea50dfc2375fb4dac99ea7e21a0bcd9", size = 247783 },
    { url = "https://files.pythonhosted.org/packages/a9/0d/1e4a48d289429d38aae3babdfcadbf35ca36bdcf3efc8f09b550a845bdb5/coverage-7.6.9-cp313-cp313t-win32.whl", hash = "sha256:5e6b86b5847a016d0fbd31ffe1001b63355ed309651851295315031ea7eb5a9b", size = 210646 },
    { url = "https://files.pythonhosted.org/packages/26/74/b0729f196f328ac55e42b1e22ec2f16d8bcafe4b8158a26ec9f1cdd1d93e/coverage-7.6.9-cp313-cp313t-win_amd64.whl", hash = "sha256:97ddc94d46088304772d21b060041c97fc16bdda13c6c7f9d8fcd8d5ae0d8611", size = 211815 },
]

[[package]]
name = "makesite"
version = "0.1.0"
source = { virtual = "." }
dependencies = [
    { name = "commonmark" },
    { name = "coverage" },
]

[package.metadata]
requires-dist = [
    { name = "commonmark" },
    { name = "coverage" },
]
